
Microsoft Visual Studio Solution File, Format Version 12.00
Project("{2150E333-8FDC-42A3-9474-1A3956D46DE8}") = "src", "src", "{B8038D72-1BCF-4DD9-AC91-5304888105C9}"
EndProject
Project("{2150E333-8FDC-42A3-9474-1A3956D46DE8}") = "tests", "tests", "{FD04C1E4-3B17-4FDB-99B3-E5CAE2D08540}"
EndProject
Project("{2150E333-8FDC-42A3-9474-1A3956D46DE8}") = "Application", "Application", "{7D1B48AF-E800-48D4-8ABC-47B8E1C705C9}"
EndProject
Project("{2150E333-8FDC-42A3-9474-1A3956D46DE8}") = "Infrastructure", "Infrastructure", "{F103374A-7352-47C4-96D0-C09762B6EEF8}"
EndProject
Project("{2150E333-8FDC-42A3-9474-1A3956D46DE8}") = "Persistence", "Persistence", "{20990A85-F771-4A81-B2FA-CC19A06A1373}"
EndProject
Project("{2150E333-8FDC-42A3-9474-1A3956D46DE8}") = "Presentation", "Presentation", "{46C74E79-5ACF-436F-80D2-77023EB801FC}"
EndProject
Project("{FAE04EC0-301F-11D3-BF4B-00C04F79EFBC}") = "CourseSystem.Application", "src\CourseSystem.Application\CourseSystem.Application.csproj", "{13EA4084-2D72-4689-8FB4-668B429D6E2A}"
EndProject
Project("{FAE04EC0-301F-11D3-BF4B-00C04F79EFBC}") = "CourseSystem.Exceptions", "src\CourseSystem.Exceptions\CourseSystem.Exceptions.csproj", "{01A67DA9-3497-48BE-9867-1CDB5478DD5B}"
EndProject
Project("{FAE04EC0-301F-11D3-BF4B-00C04F79EFBC}") = "CourseSystem.Persistence", "src\CourseSystem.Persistence\CourseSystem.Persistence.csproj", "{8260D6E8-0CE7-43D8-927E-8CC73D066A49}"
EndProject
Project("{FAE04EC0-301F-11D3-BF4B-00C04F79EFBC}") = "CourseSystem.Infrastructure", "src\CourseSystem.Infrastructure\CourseSystem.Infrastructure.csproj", "{605EA0F1-BDB4-4CEB-9699-C16CB13CC37A}"
EndProject
Project("{FAE04EC0-301F-11D3-BF4B-00C04F79EFBC}") = "CourseSystem.API", "src\CourseSystem.API\CourseSystem.API.csproj", "{370084A9-83E7-4731-AB4F-B33CB018DEF0}"
EndProject
Project("{FAE04EC0-301F-11D3-BF4B-00C04F79EFBC}") = "CourseSystem.Unit.Tests", "tests\CourseSystem.Unit.Tests\CourseSystem.Unit.Tests.csproj", "{BAB5999E-A9C9-4EE5-9332-D2C375008077}"
EndProject
Project("{FAE04EC0-301F-11D3-BF4B-00C04F79EFBC}") = "CourseSystem.Integration.Tests", "tests\CourseSystem.Integration.Tests\CourseSystem.Integration.Tests.csproj", "{E0B66738-F33E-4B2A-AAA3-5DEADA8F7BD4}"
EndProject
Global
	GlobalSection(SolutionConfigurationPlatforms) = preSolution
		Debug|Any CPU = Debug|Any CPU
		Release|Any CPU = Release|Any CPU
	EndGlobalSection
	GlobalSection(ProjectConfigurationPlatforms) = postSolution
		{13EA4084-2D72-4689-8FB4-668B429D6E2A}.Debug|Any CPU.ActiveCfg = Debug|Any CPU
		{13EA4084-2D72-4689-8FB4-668B429D6E2A}.Debug|Any CPU.Build.0 = Debug|Any CPU
		{13EA4084-2D72-4689-8FB4-668B429D6E2A}.Release|Any CPU.ActiveCfg = Release|Any CPU
		{13EA4084-2D72-4689-8FB4-668B429D6E2A}.Release|Any CPU.Build.0 = Release|Any CPU
		{01A67DA9-3497-48BE-9867-1CDB5478DD5B}.Debug|Any CPU.ActiveCfg = Debug|Any CPU
		{01A67DA9-3497-48BE-9867-1CDB5478DD5B}.Debug|Any CPU.Build.0 = Debug|Any CPU
		{01A67DA9-3497-48BE-9867-1CDB5478DD5B}.Release|Any CPU.ActiveCfg = Release|Any CPU
		{01A67DA9-3497-48BE-9867-1CDB5478DD5B}.Release|Any CPU.Build.0 = Release|Any CPU
		{8260D6E8-0CE7-43D8-927E-8CC73D066A49}.Debug|Any CPU.ActiveCfg = Debug|Any CPU
		{8260D6E8-0CE7-43D8-927E-8CC73D066A49}.Debug|Any CPU.Build.0 = Debug|Any CPU
		{8260D6E8-0CE7-43D8-927E-8CC73D066A49}.Release|Any CPU.ActiveCfg = Release|Any CPU
		{8260D6E8-0CE7-43D8-927E-8CC73D066A49}.Release|Any CPU.Build.0 = Release|Any CPU
		{605EA0F1-BDB4-4CEB-9699-C16CB13CC37A}.Debug|Any CPU.ActiveCfg = Debug|Any CPU
		{605EA0F1-BDB4-4CEB-9699-C16CB13CC37A}.Debug|Any CPU.Build.0 = Debug|Any CPU
		{605EA0F1-BDB4-4CEB-9699-C16CB13CC37A}.Release|Any CPU.ActiveCfg = Release|Any CPU
		{605EA0F1-BDB4-4CEB-9699-C16CB13CC37A}.Release|Any CPU.Build.0 = Release|Any CPU
		{370084A9-83E7-4731-AB4F-B33CB018DEF0}.Debug|Any CPU.ActiveCfg = Debug|Any CPU
		{370084A9-83E7-4731-AB4F-B33CB018DEF0}.Debug|Any CPU.Build.0 = Debug|Any CPU
		{370084A9-83E7-4731-AB4F-B33CB018DEF0}.Release|Any CPU.ActiveCfg = Release|Any CPU
		{370084A9-83E7-4731-AB4F-B33CB018DEF0}.Release|Any CPU.Build.0 = Release|Any CPU
		{BAB5999E-A9C9-4EE5-9332-D2C375008077}.Debug|Any CPU.ActiveCfg = Debug|Any CPU
		{BAB5999E-A9C9-4EE5-9332-D2C375008077}.Debug|Any CPU.Build.0 = Debug|Any CPU
		{BAB5999E-A9C9-4EE5-9332-D2C375008077}.Release|Any CPU.ActiveCfg = Release|Any CPU
		{BAB5999E-A9C9-4EE5-9332-D2C375008077}.Release|Any CPU.Build.0 = Release|Any CPU
		{E0B66738-F33E-4B2A-AAA3-5DEADA8F7BD4}.Debug|Any CPU.ActiveCfg = Debug|Any CPU
		{E0B66738-F33E-4B2A-AAA3-5DEADA8F7BD4}.Debug|Any CPU.Build.0 = Debug|Any CPU
		{E0B66738-F33E-4B2A-AAA3-5DEADA8F7BD4}.Release|Any CPU.ActiveCfg = Release|Any CPU
		{E0B66738-F33E-4B2A-AAA3-5DEADA8F7BD4}.Release|Any CPU.Build.0 = Release|Any CPU
	EndGlobalSection
	GlobalSection(NestedProjects) = preSolution
		{7D1B48AF-E800-48D4-8ABC-47B8E1C705C9} = {B8038D72-1BCF-4DD9-AC91-5304888105C9}
		{F103374A-7352-47C4-96D0-C09762B6EEF8} = {B8038D72-1BCF-4DD9-AC91-5304888105C9}
		{20990A85-F771-4A81-B2FA-CC19A06A1373} = {B8038D72-1BCF-4DD9-AC91-5304888105C9}
		{46C74E79-5ACF-436F-80D2-77023EB801FC} = {B8038D72-1BCF-4DD9-AC91-5304888105C9}
		{13EA4084-2D72-4689-8FB4-668B429D6E2A} = {7D1B48AF-E800-48D4-8ABC-47B8E1C705C9}
		{01A67DA9-3497-48BE-9867-1CDB5478DD5B} = {7D1B48AF-E800-48D4-8ABC-47B8E1C705C9}
		{8260D6E8-0CE7-43D8-927E-8CC73D066A49} = {20990A85-F771-4A81-B2FA-CC19A06A1373}
		{605EA0F1-BDB4-4CEB-9699-C16CB13CC37A} = {F103374A-7352-47C4-96D0-C09762B6EEF8}
		{370084A9-83E7-4731-AB4F-B33CB018DEF0} = {46C74E79-5ACF-436F-80D2-77023EB801FC}
		{BAB5999E-A9C9-4EE5-9332-D2C375008077} = {FD04C1E4-3B17-4FDB-99B3-E5CAE2D08540}
		{E0B66738-F33E-4B2A-AAA3-5DEADA8F7BD4} = {FD04C1E4-3B17-4FDB-99B3-E5CAE2D08540}
	EndGlobalSection
EndGlobal
